
Microsoft Visual Studio Solution File, Format Version 12.00
# Visual Studio Version 17
VisualStudioVersion = 17.13.35919.96 d17.13
MinimumVisualStudioVersion = 10.0.40219.1
Project("{FAE04EC0-301F-11D3-BF4B-00C04F79EFBC}") = "WinformStudentApp", "WinformStudentApp.csproj", "{46E56EB2-4797-44D6-A7AC-18B8FC31B1D5}"
EndProject
Global
	GlobalSection(SolutionConfigurationPlatforms) = preSolution
		Debug|Any CPU = Debug|Any CPU
		Release|Any CPU = Release|Any CPU
	EndGlobalSection
	GlobalSection(ProjectConfigurationPlatforms) = postSolution
		{46E56EB2-4797-44D6-A7AC-18B8FC31B1D5}.Debug|Any CPU.ActiveCfg = Debug|Any CPU
		{46E56EB2-4797-44D6-A7AC-18B8FC31B1D5}.Debug|Any CPU.Build.0 = Debug|Any CPU
		{46E56EB2-4797-44D6-A7AC-18B8FC31B1D5}.Release|Any CPU.ActiveCfg = Release|Any CPU
		{46E56EB2-4797-44D6-A7AC-18B8FC31B1D5}.Release|Any CPU.Build.0 = Release|Any CPU
	EndGlobalSection
	GlobalSection(SolutionProperties) = preSolution
		HideSolutionNode = FALSE
	EndGlobalSection
	GlobalSection(ExtensibilityGlobals) = postSolution
		SolutionGuid = {F7DAE5CF-CF2C-4A57-84C5-4F0D020A11EB}
	EndGlobalSection
EndGlobal
